
Microsoft Visual Studio Solution File, Format Version 12.00
# Visual Studio Version 17
VisualStudioVersion = 17.5.002.0
MinimumVisualStudioVersion = 10.0.40219.1
Project("{9A19103F-16F7-4668-BE54-9A1E7A4F7556}") = "Calculater", "Calculater.csproj", "{AF4C0382-C008-4F3A-A418-FAAA79EA77CC}"
EndProject
Global
	GlobalSection(SolutionConfigurationPlatforms) = preSolution
		Debug|Any CPU = Debug|Any CPU
		Release|Any CPU = Release|Any CPU
	EndGlobalSection
	GlobalSection(ProjectConfigurationPlatforms) = postSolution
		{AF4C0382-C008-4F3A-A418-FAAA79EA77CC}.Debug|Any CPU.ActiveCfg = Debug|Any CPU
		{AF4C0382-C008-4F3A-A418-FAAA79EA77CC}.Debug|Any CPU.Build.0 = Debug|Any CPU
		{AF4C0382-C008-4F3A-A418-FAAA79EA77CC}.Release|Any CPU.ActiveCfg = Release|Any CPU
		{AF4C0382-C008-4F3A-A418-FAAA79EA77CC}.Release|Any CPU.Build.0 = Release|Any CPU
	EndGlobalSection
	GlobalSection(SolutionProperties) = preSolution
		HideSolutionNode = FALSE
	EndGlobalSection
	GlobalSection(ExtensibilityGlobals) = postSolution
		SolutionGuid = {4FA257CD-272E-4771-B8A6-26C4F54E9745}
	EndGlobalSection
EndGlobal
